<Solution>
  <Folder Name="/CICD/">
    <File Path=".github/workflows/cicd.yml" />
  </Folder>
  <Folder Name="/Solution Items/">
    <File Path=".gitignore" />
    <File Path="Directory.Build.props" />
    <File Path="README.md" />
  </Folder>
  <Project Path="ScopeSelection/ScopeSelection.csproj" />
  <Project Path="Specifications/Specifications.csproj" />
</Solution>
